{
    "_readme": ["This file locks the dependencies of your project to a known state"],
    "content-hash": "0123456789abcdef0123456789abcdef",
    "packages": [
        { "name": "laravel/framework", "version": "v5.6.39", "type": "library" },
        { "name": "guzzlehttp/guzzle", "version": "6.3.3", "type": "library" },
        { "name": "firma/wewnetrzny-modul", "version": "dev-master", "type": "library" }
    ],
    "packages-dev": [
        { "name": "phpunit/phpunit", "version": "7.5.20", "type": "library" }
    ],
    "platform": { "php": "^7.1.3", "ext-mbstring": "*" },
    "platform-dev": [],
    "platform-overrides": { "php": "7.1.33" },
    "plugin-api-version": "2.6.0"
}
